// !$*UTF8*$!
{
	archiveVersion = 1;
	classes = {
	};
	objectVersion = 46;
	objects = {

/* Begin PBXBuildFile section */
		26692D2B1AF4F0E6007265AE /* main.m in Sources */ = {isa = PBXBuildFile; fileRef = 26692D2A1AF4F0E6007265AE /* main.m */; };
		26692D2E1AF4F0E6007265AE /* AppDelegate.m in Sources */ = {isa = PBXBuildFile; fileRef = 26692D2D1AF4F0E6007265AE /* AppDelegate.m */; };
		26692D311AF4F0E6007265AE /* ViewController.m in Sources */ = {isa = PBXBuildFile; fileRef = 26692D301AF4F0E6007265AE /* ViewController.m */; };
		26692D341AF4F0E6007265AE /* Main.storyboard in Resources */ = {isa = PBXBuildFile; fileRef = 26692D321AF4F0E6007265AE /* Main.storyboard */; };
		26692D361AF4F0E6007265AE /* Images.xcassets in Resources */ = {isa = PBXBuildFile; fileRef = 26692D351AF4F0E6007265AE /* Images.xcassets */; };
		26692D391AF4F0E6007265AE /* LaunchScreen.xib in Resources */ = {isa = PBXBuildFile; fileRef = 26692D371AF4F0E6007265AE /* LaunchScreen.xib */; };
		26692D451AF4F0E6007265AE /* testTests.m in Sources */ = {isa = PBXBuildFile; fileRef = 26692D441AF4F0E6007265AE /* testTests.m */; };
		26692D501AF4FF73007265AE /* AnotherViewController.m in Sources */ = {isa = PBXBuildFile; fileRef = 26692D4F1AF4FF73007265AE /* AnotherViewController.m */; };
		26692D531AF50617007265AE /* EditViewController.m in Sources */ = {isa = PBXBuildFile; fileRef = 26692D521AF50617007265AE /* EditViewController.m */; };
/* End PBXBuildFile section */

/* Begin PBXContainerItemProxy section */
		26692D3F1AF4F0E6007265AE /* PBXContainerItemProxy */ = {
			isa = PBXContainerItemProxy;
			containerPortal = 26692D1D1AF4F0E6007265AE /* Project object */;
			proxyType = 1;
			remoteGlobalIDString = 26692D241AF4F0E6007265AE;
			remoteInfo = test;
		};
/* End PBXContainerItemProxy section */

/* Begin PBXFileReference section */
		26692D251AF4F0E6007265AE /* test.app */ = {isa = PBXFileReference; explicitFileType = wrapper.application; includeInIndex = 0; path = test.app; sourceTree = BUILT_PRODUCTS_DIR; };
		26692D291AF4F0E6007265AE /* Info.plist */ = {isa = PBXFileReference; lastKnownFileType = text.plist.xml; path = Info.plist; sourceTree = "<group>"; };
		26692D2A1AF4F0E6007265AE /* main.m */ = {isa = PBXFileReference; lastKnownFileType = sourcecode.c.objc; path = main.m; sourceTree = "<group>"; };
		26692D2C1AF4F0E6007265AE /* AppDelegate.h */ = {isa = PBXFileReference; lastKnownFileType = sourcecode.c.h; path = AppDelegate.h; sourceTree = "<group>"; };
		26692D2D1AF4F0E6007265AE /* AppDelegate.m */ = {isa = PBXFileReference; lastKnownFileType = sourcecode.c.objc; path = AppDelegate.m; sourceTree = "<group>"; };
		26692D2F1AF4F0E6007265AE /* ViewController.h */ = {isa = PBXFileReference; lastKnownFileType = sourcecode.c.h; path = ViewController.h; sourceTree = "<group>"; };
		26692D301AF4F0E6007265AE /* ViewController.m */ = {isa = PBXFileReference; lastKnownFileType = sourcecode.c.objc; path = ViewController.m; sourceTree = "<group>"; };
		26692D331AF4F0E6007265AE /* Base */ = {isa = PBXFileReference; lastKnownFileType = file.storyboard; name = Base; path = Base.lproj/Main.storyboard; sourceTree = "<group>"; };
		26692D351AF4F0E6007265AE /* Images.xcassets */ = {isa = PBXFileReference; lastKnownFileType = folder.assetcatalog; path = Images.xcassets; sourceTree = "<group>"; };
		26692D381AF4F0E6007265AE /* Base */ = {isa = PBXFileReference; lastKnownFileType = file.xib; name = Base; path = Base.lproj/LaunchScreen.xib; sourceTree = "<group>"; };
		26692D3E1AF4F0E6007265AE /* testTests.xctest */ = {isa = PBXFileReference; explicitFileType = wrapper.cfbundle; includeInIndex = 0; path = testTests.xctest; sourceTree = BUILT_PRODUCTS_DIR; };
		26692D431AF4F0E6007265AE /* Info.plist */ = {isa = PBXFileReference; lastKnownFileType = text.plist.xml; path = Info.plist; sourceTree = "<group>"; };
		26692D441AF4F0E6007265AE /* testTests.m */ = {isa = PBXFileReference; lastKnownFileType = sourcecode.c.objc; path = testTests.m; sourceTree = "<group>"; };
		26692D4E1AF4FF73007265AE /* AnotherViewController.h */ = {isa = PBXFileReference; fileEncoding = 4; lastKnownFileType = sourcecode.c.h; path = AnotherViewController.h; sourceTree = "<group>"; };
		26692D4F1AF4FF73007265AE /* AnotherViewController.m */ = {isa = PBXFileReference; fileEncoding = 4; lastKnownFileType = sourcecode.c.objc; path = AnotherViewController.m; sourceTree = "<group>"; };
		26692D511AF50617007265AE /* EditViewController.h */ = {isa = PBXFileReference; fileEncoding = 4; lastKnownFileType = sourcecode.c.h; path = EditViewController.h; sourceTree = "<group>"; };
		26692D521AF50617007265AE /* EditViewController.m */ = {isa = PBXFileReference; fileEncoding = 4; lastKnownFileType = sourcecode.c.objc; path = EditViewController.m; sourceTree = "<group>"; };
/* End PBXFileReference section */

/* Begin PBXFrameworksBuildPhase section */
		26692D221AF4F0E6007265AE /* Frameworks */ = {
			isa = PBXFrameworksBuildPhase;
			buildActionMask = 2147483647;
			files = (
			);
			runOnlyForDeploymentPostprocessing = 0;
		};
		26692D3B1AF4F0E6007265AE /* Frameworks */ = {
			isa = PBXFrameworksBuildPhase;
			buildActionMask = 2147483647;
			files = (
			);
			runOnlyForDeploymentPostprocessing = 0;
		};
/* End PBXFrameworksBuildPhase section */

/* Begin PBXGroup section */
		26692D1C1AF4F0E6007265AE = {
			isa = PBXGroup;
			children = (
				26692D271AF4F0E6007265AE /* test */,
				26692D411AF4F0E6007265AE /* testTests */,
				26692D261AF4F0E6007265AE /* Products */,
			);
			sourceTree = "<group>";
		};
		26692D261AF4F0E6007265AE /* Products */ = {
			isa = PBXGroup;
			children = (
				26692D251AF4F0E6007265AE /* test.app */,
				26692D3E1AF4F0E6007265AE /* testTests.xctest */,
			);
			name = Products;
			sourceTree = "<group>";
		};
		26692D271AF4F0E6007265AE /* test */ = {
			isa = PBXGroup;
			children = (
				26692D2C1AF4F0E6007265AE /* AppDelegate.h */,
				26692D2D1AF4F0E6007265AE /* AppDelegate.m */,
				26692D2F1AF4F0E6007265AE /* ViewController.h */,
				26692D301AF4F0E6007265AE /* ViewController.m */,
				26692D4E1AF4FF73007265AE /* AnotherViewController.h */,
				26692D4F1AF4FF73007265AE /* AnotherViewController.m */,
				26692D511AF50617007265AE /* EditViewController.h */,
				26692D521AF50617007265AE /* EditViewController.m */,
				26692D321AF4F0E6007265AE /* Main.storyboard */,
				26692D351AF4F0E6007265AE /* Images.xcassets */,
				26692D371AF4F0E6007265AE /* LaunchScreen.xib */,
				26692D281AF4F0E6007265AE /* Supporting Files */,
			);
			path = test;
			sourceTree = "<group>";
		};
		26692D281AF4F0E6007265AE /* Supporting Files */ = {
			isa = PBXGroup;
			children = (
				26692D291AF4F0E6007265AE /* Info.plist */,
				26692D2A1AF4F0E6007265AE /* main.m */,
			);
			name = "Supporting Files";
			sourceTree = "<group>";
		};
		26692D411AF4F0E6007265AE /* testTests */ = {
			isa = PBXGroup;
			children = (
				26692D441AF4F0E6007265AE /* testTests.m */,
				26692D421AF4F0E6007265AE /* Supporting Files */,
			);
			path = testTests;
			sourceTree = "<group>";
		};
		26692D421AF4F0E6007265AE /* Supporting Files */ = {
			isa = PBXGroup;
			children = (
				26692D431AF4F0E6007265AE /* Info.plist */,
			);
			name = "Supporting Files";
			sourceTree = "<group>";
		};
/* End PBXGroup section */

/* Begin PBXNativeTarget section */
		26692D241AF4F0E6007265AE /* test */ = {
			isa = PBXNativeTarget;
			buildConfigurationList = 26692D481AF4F0E6007265AE /* Build configuration list for PBXNativeTarget "test" */;
			buildPhases = (
				26692D211AF4F0E6007265AE /* Sources */,
				26692D221AF4F0E6007265AE /* Frameworks */,
				26692D231AF4F0E6007265AE /* Resources */,
			);
			buildRules = (
			);
			dependencies = (
			);
			name = test;
			productName = test;
			productReference = 26692D251AF4F0E6007265AE /* test.app */;
			productType = "com.apple.product-type.application";
		};
		26692D3D1AF4F0E6007265AE /* testTests */ = {
			isa = PBXNativeTarget;
			buildConfigurationList = 26692D4B1AF4F0E6007265AE /* Build configuration list for PBXNativeTarget "testTests" */;
			buildPhases = (
				26692D3A1AF4F0E6007265AE /* Sources */,
				26692D3B1AF4F0E6007265AE /* Frameworks */,
				26692D3C1AF4F0E6007265AE /* Resources */,
			);
			buildRules = (
			);
			dependencies = (
				26692D401AF4F0E6007265AE /* PBXTargetDependency */,
			);
			name = testTests;
			productName = testTests;
			productReference = 26692D3E1AF4F0E6007265AE /* testTests.xctest */;
			productType = "com.apple.product-type.bundle.unit-test";
		};
/* End PBXNativeTarget section */

/* Begin PBXProject section */
		26692D1D1AF4F0E6007265AE /* Project object */ = {
			isa = PBXProject;
			attributes = {
				LastUpgradeCheck = 0630;
				ORGANIZATIONNAME = Echx;
				TargetAttributes = {
					26692D241AF4F0E6007265AE = {
						CreatedOnToolsVersion = 6.3.1;
					};
					26692D3D1AF4F0E6007265AE = {
						CreatedOnToolsVersion = 6.3.1;
						TestTargetID = 26692D241AF4F0E6007265AE;
					};
				};
			};
			buildConfigurationList = 26692D201AF4F0E6007265AE /* Build configuration list for PBXProject "test" */;
			compatibilityVersion = "Xcode 3.2";
			developmentRegion = English;
			hasScannedForEncodings = 0;
			knownRegions = (
				en,
				Base,
			);
			mainGroup = 26692D1C1AF4F0E6007265AE;
			productRefGroup = 26692D261AF4F0E6007265AE /* Products */;
			projectDirPath = "";
			projectRoot = "";
			targets = (
				26692D241AF4F0E6007265AE /* test */,
				26692D3D1AF4F0E6007265AE /* testTests */,
			);
		};
/* End PBXProject section */

/* Begin PBXResourcesBuildPhase section */
		26692D231AF4F0E6007265AE /* Resources */ = {
			isa = PBXResourcesBuildPhase;
			buildActionMask = 2147483647;
			files = (
				26692D341AF4F0E6007265AE /* Main.storyboard in Resources */,
				26692D391AF4F0E6007265AE /* LaunchScreen.xib in Resources */,
				26692D361AF4F0E6007265AE /* Images.xcassets in Resources */,
			);
			runOnlyForDeploymentPostprocessing = 0;
		};
		26692D3C1AF4F0E6007265AE /* Resources */ = {
			isa = PBXResourcesBuildPhase;
			buildActionMask = 2147483647;
			files = (
			);
			runOnlyForDeploymentPostprocessing = 0;
		};
/* End PBXResourcesBuildPhase section */

/* Begin PBXSourcesBuildPhase section */
		26692D211AF4F0E6007265AE /* Sources */ = {
			isa = PBXSourcesBuildPhase;
			buildActionMask = 2147483647;
			files = (
				26692D311AF4F0E6007265AE /* ViewController.m in Sources */,
				26692D2E1AF4F0E6007265AE /* AppDelegate.m in Sources */,
				26692D501AF4FF73007265AE /* AnotherViewController.m in Sources */,
				26692D2B1AF4F0E6007265AE /* main.m in Sources */,
				26692D531AF50617007265AE /* EditViewController.m in Sources */,
			);
			runOnlyForDeploymentPostprocessing = 0;
		};
		26692D3A1AF4F0E6007265AE /* Sources */ = {
			isa = PBXSourcesBuildPhase;
			buildActionMask = 2147483647;
			files = (
				26692D451AF4F0E6007265AE /* testTests.m in Sources */,
			);
			runOnlyForDeploymentPostprocessing = 0;
		};
/* End PBXSourcesBuildPhase section */

/* Begin PBXTargetDependency section */
		26692D401AF4F0E6007265AE /* PBXTargetDependency */ = {
			isa = PBXTargetDependency;
			target = 26692D241AF4F0E6007265AE /* test */;
			targetProxy = 26692D3F1AF4F0E6007265AE /* PBXContainerItemProxy */;
		};
/* End PBXTargetDependency section */

/* Begin PBXVariantGroup section */
		26692D321AF4F0E6007265AE /* Main.storyboard */ = {
			isa = PBXVariantGroup;
			children = (
				26692D331AF4F0E6007265AE /* Base */,
			);
			name = Main.storyboard;
			sourceTree = "<group>";
		};
		26692D371AF4F0E6007265AE /* LaunchScreen.xib */ = {
			isa = PBXVariantGroup;
			children = (
				26692D381AF4F0E6007265AE /* Base */,
			);
			name = LaunchScreen.xib;
			sourceTree = "<group>";
		};
/* End PBXVariantGroup section */

/* Begin XCBuildConfiguration section */
		26692D461AF4F0E6007265AE /* Debug */ = {
			isa = XCBuildConfiguration;
			buildSettings = {
				ALWAYS_SEARCH_USER_PATHS = NO;
				CLANG_CXX_LANGUAGE_STANDARD = "gnu++0x";
				CLANG_CXX_LIBRARY = "libc++";
				CLANG_ENABLE_MODULES = YES;
				CLANG_ENABLE_OBJC_ARC = YES;
				CLANG_WARN_BOOL_CONVERSION = YES;
				CLANG_WARN_CONSTANT_CONVERSION = YES;
				CLANG_WARN_DIRECT_OBJC_ISA_USAGE = YES_ERROR;
				CLANG_WARN_EMPTY_BODY = YES;
				CLANG_WARN_ENUM_CONVERSION = YES;
				CLANG_WARN_INT_CONVERSION = YES;
				CLANG_WARN_OBJC_ROOT_CLASS = YES_ERROR;
				CLANG_WARN_UNREACHABLE_CODE = YES;
				CLANG_WARN__DUPLICATE_METHOD_MATCH = YES;
				"CODE_SIGN_IDENTITY[sdk=iphoneos*]" = "iPhone Developer";
				COPY_PHASE_STRIP = NO;
				DEBUG_INFORMATION_FORMAT = "dwarf-with-dsym";
				ENABLE_STRICT_OBJC_MSGSEND = YES;
				GCC_C_LANGUAGE_STANDARD = gnu99;
				GCC_DYNAMIC_NO_PIC = NO;
				GCC_NO_COMMON_BLOCKS = YES;
				GCC_OPTIMIZATION_LEVEL = 0;
				GCC_PREPROCESSOR_DEFINITIONS = (
					"DEBUG=1",
					"$(inherited)",
				);
				GCC_SYMBOLS_PRIVATE_EXTERN = NO;
				GCC_WARN_64_TO_32_BIT_CONVERSION = YES;
				GCC_WARN_ABOUT_RETURN_TYPE = YES_ERROR;
				GCC_WARN_UNDECLARED_SELECTOR = YES;
				GCC_WARN_UNINITIALIZED_AUTOS = YES_AGGRESSIVE;
				GCC_WARN_UNUSED_FUNCTION = YES;
				GCC_WARN_UNUSED_VARIABLE = YES;
				IPHONEOS_DEPLOYMENT_TARGET = 8.3;
				MTL_ENABLE_DEBUG_INFO = YES;
				ONLY_ACTIVE_ARCH = YES;
				SDKROOT = iphoneos;
				TARGETED_DEVICE_FAMILY = "1,2";
			};
			name = Debug;
		};
		26692D471AF4F0E6007265AE /* Release */ = {
			isa = XCBuildConfiguration;
			buildSettings = {
				ALWAYS_SEARCH_USER_PATHS = NO;
				CLANG_CXX_LANGUAGE_STANDARD = "gnu++0x";
				CLANG_CXX_LIBRARY = "libc++";
				CLANG_ENABLE_MODULES = YES;
				CLANG_ENABLE_OBJC_ARC = YES;
				CLANG_WARN_BOOL_CONVERSION = YES;
				CLANG_WARN_CONSTANT_CONVERSION = YES;
				CLANG_WARN_DIRECT_OBJC_ISA_USAGE = YES_ERROR;
				CLANG_WARN_EMPTY_BODY = YES;
				CLANG_WARN_ENUM_CONVERSION = YES;
				CLANG_WARN_INT_CONVERSION = YES;
				CLANG_WARN_OBJC_ROOT_CLASS = YES_ERROR;
				CLANG_WARN_UNREACHABLE_CODE = YES;
				CLANG_WARN__DUPLICATE_METHOD_MATCH = YES;
				"CODE_SIGN_IDENTITY[sdk=iphoneos*]" = "iPhone Developer";
				COPY_PHASE_STRIP = NO;
				DEBUG_INFORMATION_FORMAT = "dwarf-with-dsym";
				ENABLE_NS_ASSERTIONS = NO;
				ENABLE_STRICT_OBJC_MSGSEND = YES;
				GCC_C_LANGUAGE_STANDARD = gnu99;
				GCC_NO_COMMON_BLOCKS = YES;
				GCC_WARN_64_TO_32_BIT_CONVERSION = YES;
				GCC_WARN_ABOUT_RETURN_TYPE = YES_ERROR;
				GCC_WARN_UNDECLARED_SELECTOR = YES;
				GCC_WARN_UNINITIALIZED_AUTOS = YES_AGGRESSIVE;
				GCC_WARN_UNUSED_FUNCTION = YES;
				GCC_WARN_UNUSED_VARIABLE = YES;
				IPHONEOS_DEPLOYMENT_TARGET = 8.3;
				MTL_ENABLE_DEBUG_INFO = NO;
				SDKROOT = iphoneos;
				TARGETED_DEVICE_FAMILY = "1,2";
				VALIDATE_PRODUCT = YES;
			};
			name = Release;
		};
		26692D491AF4F0E6007265AE /* Debug */ = {
			isa = XCBuildConfiguration;
			buildSettings = {
				ASSETCATALOG_COMPILER_APPICON_NAME = AppIcon;
				INFOPLIST_FILE = test/Info.plist;
				LD_RUNPATH_SEARCH_PATHS = "$(inherited) @executable_path/Frameworks";
				PRODUCT_NAME = "$(TARGET_NAME)";
			};
			name = Debug;
		};
		26692D4A1AF4F0E6007265AE /* Release */ = {
			isa = XCBuildConfiguration;
			buildSettings = {
				ASSETCATALOG_COMPILER_APPICON_NAME = AppIcon;
				INFOPLIST_FILE = test/Info.plist;
				LD_RUNPATH_SEARCH_PATHS = "$(inherited) @executable_path/Frameworks";
				PRODUCT_NAME = "$(TARGET_NAME)";
			};
			name = Release;
		};
		26692D4C1AF4F0E6007265AE /* Debug */ = {
			isa = XCBuildConfiguration;
			buildSettings = {
				BUNDLE_LOADER = "$(TEST_HOST)";
				FRAMEWORK_SEARCH_PATHS = (
					"$(SDKROOT)/Developer/Library/Frameworks",
					"$(inherited)",
				);
				GCC_PREPROCESSOR_DEFINITIONS = (
					"DEBUG=1",
					"$(inherited)",
				);
				INFOPLIST_FILE = testTests/Info.plist;
				LD_RUNPATH_SEARCH_PATHS = "$(inherited) @executable_path/Frameworks @loader_path/Frameworks";
				PRODUCT_NAME = "$(TARGET_NAME)";
				TEST_HOST = "$(BUILT_PRODUCTS_DIR)/test.app/test";
			};
			name = Debug;
		};
		26692D4D1AF4F0E6007265AE /* Release */ = {
			isa = XCBuildConfiguration;
			buildSettings = {
				BUNDLE_LOADER = "$(TEST_HOST)";
				FRAMEWORK_SEARCH_PATHS = (
					"$(SDKROOT)/Developer/Library/Frameworks",
					"$(inherited)",
				);
				INFOPLIST_FILE = testTests/Info.plist;
				LD_RUNPATH_SEARCH_PATHS = "$(inherited) @executable_path/Frameworks @loader_path/Frameworks";
				PRODUCT_NAME = "$(TARGET_NAME)";
				TEST_HOST = "$(BUILT_PRODUCTS_DIR)/test.app/test";
			};
			name = Release;
		};
/* End XCBuildConfiguration section */

/* Begin XCConfigurationList section */
		26692D201AF4F0E6007265AE /* Build configuration list for PBXProject "test" */ = {
			isa = XCConfigurationList;
			buildConfigurations = (
				26692D461AF4F0E6007265AE /* Debug */,
				26692D471AF4F0E6007265AE /* Release */,
			);
			defaultConfigurationIsVisible = 0;
			defaultConfigurationName = Release;
		};
		26692D481AF4F0E6007265AE /* Build configuration list for PBXNativeTarget "test" */ = {
			isa = XCConfigurationList;
			buildConfigurations = (
				26692D491AF4F0E6007265AE /* Debug */,
				26692D4A1AF4F0E6007265AE /* Release */,
			);
			defaultConfigurationIsVisible = 0;
			defaultConfigurationName = Release;
		};
		26692D4B1AF4F0E6007265AE /* Build configuration list for PBXNativeTarget "testTests" */ = {
			isa = XCConfigurationList;
			buildConfigurations = (
				26692D4C1AF4F0E6007265AE /* Debug */,
				26692D4D1AF4F0E6007265AE /* Release */,
			);
			defaultConfigurationIsVisible = 0;
			defaultConfigurationName = Release;
		};
/* End XCConfigurationList section */
	};
	rootObject = 26692D1D1AF4F0E6007265AE /* Project object */;
}
